{
  "version": 4,
  "terraform_version": "1.5.2",
  "serial": 8,
  "lineage": "a1443b4b-c874-d25e-f178-6953f8e65f60",
  "outputs": {},
  "resources": [
    {
      "mode": "managed",
      "type": "azurerm_resource_group",
      "name": "rg-webapp",
      "provider": "provider[\"registry.terraform.io/hashicorp/azurerm\"]",
      "instances": [
        {
          "schema_version": 0,
          "attributes": {
            "id": "/subscriptions/b79948f7-53b8-4657-98bb-0a6874e35c89/resourceGroups/1-0af74560-playground-sandbox",
            "location": "westeurope",
            "name": "1-0af74560-playground-sandbox",
            "tags": {
              "environment": "dev"
            },
            "timeouts": null
          },
          "sensitive_attributes": [],
          "private": "eyJlMmJmYjczMC1lY2FhLTExZTYtOGY4OC0zNDM2M2JjN2M0YzAiOnsiY3JlYXRlIjo1NDAwMDAwMDAwMDAwLCJkZWxldGUiOjU0MDAwMDAwMDAwMDAsInJlYWQiOjMwMDAwMDAwMDAwMCwidXBkYXRlIjo1NDAwMDAwMDAwMDAwfX0="
        }
      ]
    },
    {
      "mode": "managed",
      "type": "azurerm_static_site",
      "name": "web-app-app",
      "provider": "provider[\"registry.terraform.io/hashicorp/azurerm\"]",
      "instances": [
        {
          "schema_version": 0,
          "attributes": {
            "api_key": "d044f78530b8df7938a1c963104f9f25689100f93ad275abc7dac7ab709e3f593-7ba0d009-a636-461a-a6d9-1e3e31442576003256048",
            "default_host_name": "green-water-0e60db703.3.azurestaticapps.net",
            "id": "/subscriptions/b79948f7-53b8-4657-98bb-0a6874e35c89/resourceGroups/1-0af74560-playground-sandbox/providers/Microsoft.Web/staticSites/web-app-app",
            "identity": [],
            "location": "westeurope",
            "name": "web-app-app",
            "resource_group_name": "1-0af74560-playground-sandbox",
            "sku_size": "Free",
            "sku_tier": "Free",
            "tags": null,
            "timeouts": null
          },
          "sensitive_attributes": [],
          "private": "eyJlMmJmYjczMC1lY2FhLTExZTYtOGY4OC0zNDM2M2JjN2M0YzAiOnsiY3JlYXRlIjoxODAwMDAwMDAwMDAwLCJkZWxldGUiOjE4MDAwMDAwMDAwMDAsInJlYWQiOjMwMDAwMDAwMDAwMCwidXBkYXRlIjoxODAwMDAwMDAwMDAwfX0=",
          "dependencies": [
            "azurerm_resource_group.rg-webapp"
          ]
        }
      ]
    }
  ],
  "check_results": null
}
