{
  "version": 4,
  "terraform_version": "1.5.2",
  "serial": 11,
  "lineage": "a1443b4b-c874-d25e-f178-6953f8e65f60",
  "outputs": {},
  "resources": [
    {
      "mode": "managed",
      "type": "azurerm_resource_group",
      "name": "rg-webapp",
      "provider": "provider[\"registry.terraform.io/hashicorp/azurerm\"]",
      "instances": [
        {
          "schema_version": 0,
          "attributes": {
            "id": "/subscriptions/b79948f7-53b8-4657-98bb-0a6874e35c89/resourceGroups/1-0af74560-playground-sandbox",
            "location": "westeurope",
            "name": "1-0af74560-playground-sandbox",
            "tags": {
              "environment": "dev"
            },
            "timeouts": null
          },
          "sensitive_attributes": [],
          "private": "eyJlMmJmYjczMC1lY2FhLTExZTYtOGY4OC0zNDM2M2JjN2M0YzAiOnsiY3JlYXRlIjo1NDAwMDAwMDAwMDAwLCJkZWxldGUiOjU0MDAwMDAwMDAwMDAsInJlYWQiOjMwMDAwMDAwMDAwMCwidXBkYXRlIjo1NDAwMDAwMDAwMDAwfX0="
        }
      ]
    },
    {
      "mode": "managed",
      "type": "azurerm_static_site",
      "name": "web-app",
      "provider": "provider[\"registry.terraform.io/hashicorp/azurerm\"]",
      "instances": [
        {
          "schema_version": 0,
          "attributes": {
            "api_key": "bde2925745ddaa1fa807dc598176f452aae0c52e181568a4f598c30bf53e82fd3-57185a73-dbcf-44d5-9731-a682b07ab3e3003256049",
            "default_host_name": "orange-sand-0b84a9d03.3.azurestaticapps.net",
            "id": "/subscriptions/b79948f7-53b8-4657-98bb-0a6874e35c89/resourceGroups/1-0af74560-playground-sandbox/providers/Microsoft.Web/staticSites/web-app",
            "identity": [],
            "location": "westeurope",
            "name": "web-app",
            "resource_group_name": "1-0af74560-playground-sandbox",
            "sku_size": "Free",
            "sku_tier": "Free",
            "tags": null,
            "timeouts": null
          },
          "sensitive_attributes": [],
          "private": "eyJlMmJmYjczMC1lY2FhLTExZTYtOGY4OC0zNDM2M2JjN2M0YzAiOnsiY3JlYXRlIjoxODAwMDAwMDAwMDAwLCJkZWxldGUiOjE4MDAwMDAwMDAwMDAsInJlYWQiOjMwMDAwMDAwMDAwMCwidXBkYXRlIjoxODAwMDAwMDAwMDAwfX0=",
          "dependencies": [
            "azurerm_resource_group.rg-webapp"
          ]
        }
      ]
    }
  ],
  "check_results": null
}
