{
  "version": 4,
  "terraform_version": "1.5.2",
  "serial": 13,
  "lineage": "a1443b4b-c874-d25e-f178-6953f8e65f60",
  "outputs": {
    "api_token": {
      "value": "1cc569abc3d8617d81ca8c3cc7e09f2a0f568535eca5b57a74463da90a792f043-f14fc7f9-58d4-4715-b7fc-3ab8a4d8111a003256049",
      "type": "string",
      "sensitive": true
    },
    "sample_app_deployment_token": {
      "value": "1cc569abc3d8617d81ca8c3cc7e09f2a0f568535eca5b57a74463da90a792f043-f14fc7f9-58d4-4715-b7fc-3ab8a4d8111a003256049",
      "type": "string",
      "sensitive": true
    }
  },
  "resources": [
    {
      "mode": "managed",
      "type": "azurerm_resource_group",
      "name": "rg-webapp",
      "provider": "provider[\"registry.terraform.io/hashicorp/azurerm\"]",
      "instances": [
        {
          "schema_version": 0,
          "attributes": {
            "id": "/subscriptions/b79948f7-53b8-4657-98bb-0a6874e35c89/resourceGroups/1-0af74560-playground-sandbox",
            "location": "westeurope",
            "name": "1-0af74560-playground-sandbox",
            "tags": {
              "environment": "dev"
            },
            "timeouts": null
          },
          "sensitive_attributes": [],
          "private": "eyJlMmJmYjczMC1lY2FhLTExZTYtOGY4OC0zNDM2M2JjN2M0YzAiOnsiY3JlYXRlIjo1NDAwMDAwMDAwMDAwLCJkZWxldGUiOjU0MDAwMDAwMDAwMDAsInJlYWQiOjMwMDAwMDAwMDAwMCwidXBkYXRlIjo1NDAwMDAwMDAwMDAwfX0="
        }
      ]
    },
    {
      "mode": "managed",
      "type": "azurerm_static_site",
      "name": "web-app",
      "provider": "provider[\"registry.terraform.io/hashicorp/azurerm\"]",
      "instances": [
        {
          "schema_version": 0,
          "attributes": {
            "api_key": "1cc569abc3d8617d81ca8c3cc7e09f2a0f568535eca5b57a74463da90a792f043-f14fc7f9-58d4-4715-b7fc-3ab8a4d8111a003256049",
            "default_host_name": "orange-sand-0b84a9d03.3.azurestaticapps.net",
            "id": "/subscriptions/b79948f7-53b8-4657-98bb-0a6874e35c89/resourceGroups/1-0af74560-playground-sandbox/providers/Microsoft.Web/staticSites/web-app",
            "identity": [],
            "location": "westeurope",
            "name": "web-app",
            "resource_group_name": "1-0af74560-playground-sandbox",
            "sku_size": "Free",
            "sku_tier": "Free",
            "tags": {},
            "timeouts": null
          },
          "sensitive_attributes": [],
          "private": "eyJlMmJmYjczMC1lY2FhLTExZTYtOGY4OC0zNDM2M2JjN2M0YzAiOnsiY3JlYXRlIjoxODAwMDAwMDAwMDAwLCJkZWxldGUiOjE4MDAwMDAwMDAwMDAsInJlYWQiOjMwMDAwMDAwMDAwMCwidXBkYXRlIjoxODAwMDAwMDAwMDAwfX0=",
          "dependencies": [
            "azurerm_resource_group.rg-webapp"
          ]
        }
      ]
    }
  ],
  "check_results": null
}
